// !$*UTF8*$!
{
	archiveVersion = 1;
	classes = {
	};
	objectVersion = 56;
	objects = {

/* Begin PBXBuildFile section */
		533C942329C7648B007D25EE /* TextFieldCell.swift in Sources */ = {isa = PBXBuildFile; fileRef = 533C942229C7648B007D25EE /* TextFieldCell.swift */; };
		534F1EFA29C483CF00A6F337 /* UIImage+Extension.swift in Sources */ = {isa = PBXBuildFile; fileRef = 534F1EF929C483CF00A6F337 /* UIImage+Extension.swift */; };
		534F1EFC29C4844700A6F337 /* MainRouter.swift in Sources */ = {isa = PBXBuildFile; fileRef = 534F1EFB29C4844700A6F337 /* MainRouter.swift */; };
		534F1EFE29C485C800A6F337 /* ReviewCreationDIAssembly.swift in Sources */ = {isa = PBXBuildFile; fileRef = 534F1EFD29C485C800A6F337 /* ReviewCreationDIAssembly.swift */; };
		534F1F0429C4874D00A6F337 /* ReviewCreationViewAssembly.swift in Sources */ = {isa = PBXBuildFile; fileRef = 534F1F0329C4874D00A6F337 /* ReviewCreationViewAssembly.swift */; };
		534F1F0729C4A69B00A6F337 /* Nuke in Frameworks */ = {isa = PBXBuildFile; productRef = 534F1F0629C4A69B00A6F337 /* Nuke */; };
		534F1F0A29C4A6DE00A6F337 /* Alamofire in Frameworks */ = {isa = PBXBuildFile; productRef = 534F1F0929C4A6DE00A6F337 /* Alamofire */; };
		534F1F0F29C4B0DA00A6F337 /* Review.swift in Sources */ = {isa = PBXBuildFile; fileRef = 534F1F0E29C4B0DA00A6F337 /* Review.swift */; };
		534F1F1129C4B18000A6F337 /* Rating.swift in Sources */ = {isa = PBXBuildFile; fileRef = 534F1F1029C4B18000A6F337 /* Rating.swift */; };
		534F1F1429C4B33100A6F337 /* ReviewCreationCoordinator.swift in Sources */ = {isa = PBXBuildFile; fileRef = 534F1F1329C4B33100A6F337 /* ReviewCreationCoordinator.swift */; };
		534F1F1629C4B35900A6F337 /* ReviewCreationRateView.swift in Sources */ = {isa = PBXBuildFile; fileRef = 534F1F1529C4B35900A6F337 /* ReviewCreationRateView.swift */; };
		534F1F1829C4B36900A6F337 /* ReviewCreationRatePresenter.swift in Sources */ = {isa = PBXBuildFile; fileRef = 534F1F1729C4B36900A6F337 /* ReviewCreationRatePresenter.swift */; };
		534F1F1A29C4B38200A6F337 /* ReviewCreationRateDIAssembly.swift in Sources */ = {isa = PBXBuildFile; fileRef = 534F1F1929C4B38200A6F337 /* ReviewCreationRateDIAssembly.swift */; };
		534F1F1F29C4BBC000A6F337 /* RateParametrCell.swift in Sources */ = {isa = PBXBuildFile; fileRef = 534F1F1E29C4BBC000A6F337 /* RateParametrCell.swift */; };
		534F1F2329C4C47E00A6F337 /* Collection+Extension.swift in Sources */ = {isa = PBXBuildFile; fileRef = 534F1F2229C4C47E00A6F337 /* Collection+Extension.swift */; };
		534F1F2529C4C87900A6F337 /* UIEdgeInsets+Extension.swift in Sources */ = {isa = PBXBuildFile; fileRef = 534F1F2429C4C87900A6F337 /* UIEdgeInsets+Extension.swift */; };
		534F1F2729C4CEB100A6F337 /* StepSliderView.swift in Sources */ = {isa = PBXBuildFile; fileRef = 534F1F2629C4CEB100A6F337 /* StepSliderView.swift */; };
		534F1F2A29C622FF00A6F337 /* Realm in Frameworks */ = {isa = PBXBuildFile; productRef = 534F1F2929C622FF00A6F337 /* Realm */; };
		534F1F2C29C622FF00A6F337 /* RealmSwift in Frameworks */ = {isa = PBXBuildFile; productRef = 534F1F2B29C622FF00A6F337 /* RealmSwift */; };
		534F1F2E29C6231B00A6F337 /* ReviewCreationDataInteractor.swift in Sources */ = {isa = PBXBuildFile; fileRef = 534F1F2D29C6231B00A6F337 /* ReviewCreationDataInteractor.swift */; };
		534F1F3129C626A200A6F337 /* Closures.swift in Sources */ = {isa = PBXBuildFile; fileRef = 534F1F3029C626A200A6F337 /* Closures.swift */; };
		534F1F3429C636B800A6F337 /* AuthorImageCell.swift in Sources */ = {isa = PBXBuildFile; fileRef = 534F1F3329C636B800A6F337 /* AuthorImageCell.swift */; };
		534F1F3629C6371B00A6F337 /* CGSize+Extension.swift in Sources */ = {isa = PBXBuildFile; fileRef = 534F1F3529C6371B00A6F337 /* CGSize+Extension.swift */; };
		534F1F3829C638DD00A6F337 /* LabelCell.swift in Sources */ = {isa = PBXBuildFile; fileRef = 534F1F3729C638DD00A6F337 /* LabelCell.swift */; };
		534F1F3A29C63C2A00A6F337 /* ImageDataResponse.swift in Sources */ = {isa = PBXBuildFile; fileRef = 534F1F3929C63C2A00A6F337 /* ImageDataResponse.swift */; };
		534F1F3C29C65B5000A6F337 /* ButtonCell.swift in Sources */ = {isa = PBXBuildFile; fileRef = 534F1F3B29C65B5000A6F337 /* ButtonCell.swift */; };
		534F1F3E29C748DF00A6F337 /* ReviewCreationTextReviewView.swift in Sources */ = {isa = PBXBuildFile; fileRef = 534F1F3D29C748DF00A6F337 /* ReviewCreationTextReviewView.swift */; };
		534F1F4029C748ED00A6F337 /* ReviewCreationTextReviewPresenter.swift in Sources */ = {isa = PBXBuildFile; fileRef = 534F1F3F29C748ED00A6F337 /* ReviewCreationTextReviewPresenter.swift */; };
		534F1F4229C748FB00A6F337 /* ReviewCreationTextReviewDIAssembly.swift in Sources */ = {isa = PBXBuildFile; fileRef = 534F1F4129C748FB00A6F337 /* ReviewCreationTextReviewDIAssembly.swift */; };
		534F1F4429C74F0600A6F337 /* ReviewCreationNavigationController.swift in Sources */ = {isa = PBXBuildFile; fileRef = 534F1F4329C74F0600A6F337 /* ReviewCreationNavigationController.swift */; };
		53837C3129C46E4800261B0A /* AppDelegate.swift in Sources */ = {isa = PBXBuildFile; fileRef = 53837C3029C46E4800261B0A /* AppDelegate.swift */; };
		53837C3529C46E4800261B0A /* MainViewController.swift in Sources */ = {isa = PBXBuildFile; fileRef = 53837C3429C46E4800261B0A /* MainViewController.swift */; };
		53837C3A29C46E4900261B0A /* Assets.xcassets in Resources */ = {isa = PBXBuildFile; fileRef = 53837C3929C46E4900261B0A /* Assets.xcassets */; };
		53837C3D29C46E4900261B0A /* LaunchScreen.storyboard in Resources */ = {isa = PBXBuildFile; fileRef = 53837C3B29C46E4900261B0A /* LaunchScreen.storyboard */; };
		53837C4829C46E4900261B0A /* WeGoTripTestTaskTests.swift in Sources */ = {isa = PBXBuildFile; fileRef = 53837C4729C46E4900261B0A /* WeGoTripTestTaskTests.swift */; };
		53837C5229C46E4900261B0A /* WeGoTripTestTaskUITests.swift in Sources */ = {isa = PBXBuildFile; fileRef = 53837C5129C46E4900261B0A /* WeGoTripTestTaskUITests.swift */; };
		53837C5429C46E4900261B0A /* WeGoTripTestTaskUITestsLaunchTests.swift in Sources */ = {isa = PBXBuildFile; fileRef = 53837C5329C46E4900261B0A /* WeGoTripTestTaskUITestsLaunchTests.swift */; };
		5385466129C473C200914CDC /* SnapKit in Frameworks */ = {isa = PBXBuildFile; productRef = 5385466029C473C200914CDC /* SnapKit */; };
		5385466629C4744500914CDC /* Swinject in Frameworks */ = {isa = PBXBuildFile; productRef = 5385466529C4744500914CDC /* Swinject */; };
		5385466B29C4755F00914CDC /* ApplicationDIContainer.swift in Sources */ = {isa = PBXBuildFile; fileRef = 5385466A29C4755F00914CDC /* ApplicationDIContainer.swift */; };
		5385466D29C4769900914CDC /* MainPresenter.swift in Sources */ = {isa = PBXBuildFile; fileRef = 5385466C29C4769900914CDC /* MainPresenter.swift */; };
		5385466F29C476CD00914CDC /* MainViewDIAssembly.swift in Sources */ = {isa = PBXBuildFile; fileRef = 5385466E29C476CD00914CDC /* MainViewDIAssembly.swift */; };
		5385467229C47C5F00914CDC /* UIView+Extension.swift in Sources */ = {isa = PBXBuildFile; fileRef = 5385467129C47C5F00914CDC /* UIView+Extension.swift */; };
		5385467429C47CB500914CDC /* CACornerMask+Extension.swift in Sources */ = {isa = PBXBuildFile; fileRef = 5385467329C47CB500914CDC /* CACornerMask+Extension.swift */; };
/* End PBXBuildFile section */

/* Begin PBXContainerItemProxy section */
		53837C4429C46E4900261B0A /* PBXContainerItemProxy */ = {
			isa = PBXContainerItemProxy;
			containerPortal = 53837C2529C46E4800261B0A /* Project object */;
			proxyType = 1;
			remoteGlobalIDString = 53837C2C29C46E4800261B0A;
			remoteInfo = WeGoTripTestTask;
		};
		53837C4E29C46E4900261B0A /* PBXContainerItemProxy */ = {
			isa = PBXContainerItemProxy;
			containerPortal = 53837C2529C46E4800261B0A /* Project object */;
			proxyType = 1;
			remoteGlobalIDString = 53837C2C29C46E4800261B0A;
			remoteInfo = WeGoTripTestTask;
		};
/* End PBXContainerItemProxy section */

/* Begin PBXFileReference section */
		533C942229C7648B007D25EE /* TextFieldCell.swift */ = {isa = PBXFileReference; lastKnownFileType = sourcecode.swift; path = TextFieldCell.swift; sourceTree = "<group>"; };
		534F1EF929C483CF00A6F337 /* UIImage+Extension.swift */ = {isa = PBXFileReference; lastKnownFileType = sourcecode.swift; path = "UIImage+Extension.swift"; sourceTree = "<group>"; };
		534F1EFB29C4844700A6F337 /* MainRouter.swift */ = {isa = PBXFileReference; lastKnownFileType = sourcecode.swift; path = MainRouter.swift; sourceTree = "<group>"; };
		534F1EFD29C485C800A6F337 /* ReviewCreationDIAssembly.swift */ = {isa = PBXFileReference; lastKnownFileType = sourcecode.swift; path = ReviewCreationDIAssembly.swift; sourceTree = "<group>"; };
		534F1F0329C4874D00A6F337 /* ReviewCreationViewAssembly.swift */ = {isa = PBXFileReference; lastKnownFileType = sourcecode.swift; path = ReviewCreationViewAssembly.swift; sourceTree = "<group>"; };
		534F1F0E29C4B0DA00A6F337 /* Review.swift */ = {isa = PBXFileReference; lastKnownFileType = sourcecode.swift; path = Review.swift; sourceTree = "<group>"; };
		534F1F1029C4B18000A6F337 /* Rating.swift */ = {isa = PBXFileReference; lastKnownFileType = sourcecode.swift; path = Rating.swift; sourceTree = "<group>"; };
		534F1F1329C4B33100A6F337 /* ReviewCreationCoordinator.swift */ = {isa = PBXFileReference; lastKnownFileType = sourcecode.swift; path = ReviewCreationCoordinator.swift; sourceTree = "<group>"; };
		534F1F1529C4B35900A6F337 /* ReviewCreationRateView.swift */ = {isa = PBXFileReference; lastKnownFileType = sourcecode.swift; path = ReviewCreationRateView.swift; sourceTree = "<group>"; };
		534F1F1729C4B36900A6F337 /* ReviewCreationRatePresenter.swift */ = {isa = PBXFileReference; lastKnownFileType = sourcecode.swift; path = ReviewCreationRatePresenter.swift; sourceTree = "<group>"; };
		534F1F1929C4B38200A6F337 /* ReviewCreationRateDIAssembly.swift */ = {isa = PBXFileReference; lastKnownFileType = sourcecode.swift; path = ReviewCreationRateDIAssembly.swift; sourceTree = "<group>"; };
		534F1F1E29C4BBC000A6F337 /* RateParametrCell.swift */ = {isa = PBXFileReference; lastKnownFileType = sourcecode.swift; path = RateParametrCell.swift; sourceTree = "<group>"; };
		534F1F2229C4C47E00A6F337 /* Collection+Extension.swift */ = {isa = PBXFileReference; lastKnownFileType = sourcecode.swift; path = "Collection+Extension.swift"; sourceTree = "<group>"; };
		534F1F2429C4C87900A6F337 /* UIEdgeInsets+Extension.swift */ = {isa = PBXFileReference; lastKnownFileType = sourcecode.swift; path = "UIEdgeInsets+Extension.swift"; sourceTree = "<group>"; };
		534F1F2629C4CEB100A6F337 /* StepSliderView.swift */ = {isa = PBXFileReference; lastKnownFileType = sourcecode.swift; path = StepSliderView.swift; sourceTree = "<group>"; };
		534F1F2D29C6231B00A6F337 /* ReviewCreationDataInteractor.swift */ = {isa = PBXFileReference; lastKnownFileType = sourcecode.swift; path = ReviewCreationDataInteractor.swift; sourceTree = "<group>"; };
		534F1F3029C626A200A6F337 /* Closures.swift */ = {isa = PBXFileReference; lastKnownFileType = sourcecode.swift; path = Closures.swift; sourceTree = "<group>"; };
		534F1F3329C636B800A6F337 /* AuthorImageCell.swift */ = {isa = PBXFileReference; lastKnownFileType = sourcecode.swift; path = AuthorImageCell.swift; sourceTree = "<group>"; };
		534F1F3529C6371B00A6F337 /* CGSize+Extension.swift */ = {isa = PBXFileReference; lastKnownFileType = sourcecode.swift; path = "CGSize+Extension.swift"; sourceTree = "<group>"; };
		534F1F3729C638DD00A6F337 /* LabelCell.swift */ = {isa = PBXFileReference; lastKnownFileType = sourcecode.swift; path = LabelCell.swift; sourceTree = "<group>"; };
		534F1F3929C63C2A00A6F337 /* ImageDataResponse.swift */ = {isa = PBXFileReference; lastKnownFileType = sourcecode.swift; path = ImageDataResponse.swift; sourceTree = "<group>"; };
		534F1F3B29C65B5000A6F337 /* ButtonCell.swift */ = {isa = PBXFileReference; lastKnownFileType = sourcecode.swift; path = ButtonCell.swift; sourceTree = "<group>"; };
		534F1F3D29C748DF00A6F337 /* ReviewCreationTextReviewView.swift */ = {isa = PBXFileReference; lastKnownFileType = sourcecode.swift; path = ReviewCreationTextReviewView.swift; sourceTree = "<group>"; };
		534F1F3F29C748ED00A6F337 /* ReviewCreationTextReviewPresenter.swift */ = {isa = PBXFileReference; lastKnownFileType = sourcecode.swift; path = ReviewCreationTextReviewPresenter.swift; sourceTree = "<group>"; };
		534F1F4129C748FB00A6F337 /* ReviewCreationTextReviewDIAssembly.swift */ = {isa = PBXFileReference; lastKnownFileType = sourcecode.swift; path = ReviewCreationTextReviewDIAssembly.swift; sourceTree = "<group>"; };
		534F1F4329C74F0600A6F337 /* ReviewCreationNavigationController.swift */ = {isa = PBXFileReference; lastKnownFileType = sourcecode.swift; path = ReviewCreationNavigationController.swift; sourceTree = "<group>"; };
		53837C2D29C46E4800261B0A /* WeGoTripTestTask.app */ = {isa = PBXFileReference; explicitFileType = wrapper.application; includeInIndex = 0; path = WeGoTripTestTask.app; sourceTree = BUILT_PRODUCTS_DIR; };
		53837C3029C46E4800261B0A /* AppDelegate.swift */ = {isa = PBXFileReference; lastKnownFileType = sourcecode.swift; path = AppDelegate.swift; sourceTree = "<group>"; };
		53837C3429C46E4800261B0A /* MainViewController.swift */ = {isa = PBXFileReference; lastKnownFileType = sourcecode.swift; path = MainViewController.swift; sourceTree = "<group>"; };
		53837C3929C46E4900261B0A /* Assets.xcassets */ = {isa = PBXFileReference; lastKnownFileType = folder.assetcatalog; path = Assets.xcassets; sourceTree = "<group>"; };
		53837C3C29C46E4900261B0A /* Base */ = {isa = PBXFileReference; lastKnownFileType = file.storyboard; name = Base; path = Base.lproj/LaunchScreen.storyboard; sourceTree = "<group>"; };
		53837C3E29C46E4900261B0A /* Info.plist */ = {isa = PBXFileReference; lastKnownFileType = text.plist.xml; path = Info.plist; sourceTree = "<group>"; };
		53837C4329C46E4900261B0A /* WeGoTripTestTaskTests.xctest */ = {isa = PBXFileReference; explicitFileType = wrapper.cfbundle; includeInIndex = 0; path = WeGoTripTestTaskTests.xctest; sourceTree = BUILT_PRODUCTS_DIR; };
		53837C4729C46E4900261B0A /* WeGoTripTestTaskTests.swift */ = {isa = PBXFileReference; lastKnownFileType = sourcecode.swift; path = WeGoTripTestTaskTests.swift; sourceTree = "<group>"; };
		53837C4D29C46E4900261B0A /* WeGoTripTestTaskUITests.xctest */ = {isa = PBXFileReference; explicitFileType = wrapper.cfbundle; includeInIndex = 0; path = WeGoTripTestTaskUITests.xctest; sourceTree = BUILT_PRODUCTS_DIR; };
		53837C5129C46E4900261B0A /* WeGoTripTestTaskUITests.swift */ = {isa = PBXFileReference; lastKnownFileType = sourcecode.swift; path = WeGoTripTestTaskUITests.swift; sourceTree = "<group>"; };
		53837C5329C46E4900261B0A /* WeGoTripTestTaskUITestsLaunchTests.swift */ = {isa = PBXFileReference; lastKnownFileType = sourcecode.swift; path = WeGoTripTestTaskUITestsLaunchTests.swift; sourceTree = "<group>"; };
		5385466A29C4755F00914CDC /* ApplicationDIContainer.swift */ = {isa = PBXFileReference; lastKnownFileType = sourcecode.swift; path = ApplicationDIContainer.swift; sourceTree = "<group>"; };
		5385466C29C4769900914CDC /* MainPresenter.swift */ = {isa = PBXFileReference; lastKnownFileType = sourcecode.swift; path = MainPresenter.swift; sourceTree = "<group>"; };
		5385466E29C476CD00914CDC /* MainViewDIAssembly.swift */ = {isa = PBXFileReference; lastKnownFileType = sourcecode.swift; path = MainViewDIAssembly.swift; sourceTree = "<group>"; };
		5385467129C47C5F00914CDC /* UIView+Extension.swift */ = {isa = PBXFileReference; lastKnownFileType = sourcecode.swift; path = "UIView+Extension.swift"; sourceTree = "<group>"; };
		5385467329C47CB500914CDC /* CACornerMask+Extension.swift */ = {isa = PBXFileReference; lastKnownFileType = sourcecode.swift; path = "CACornerMask+Extension.swift"; sourceTree = "<group>"; };
/* End PBXFileReference section */

/* Begin PBXFrameworksBuildPhase section */
		53837C2A29C46E4800261B0A /* Frameworks */ = {
			isa = PBXFrameworksBuildPhase;
			buildActionMask = 2147483647;
			files = (
				534F1F2C29C622FF00A6F337 /* RealmSwift in Frameworks */,
				534F1F0729C4A69B00A6F337 /* Nuke in Frameworks */,
				534F1F0A29C4A6DE00A6F337 /* Alamofire in Frameworks */,
				5385466129C473C200914CDC /* SnapKit in Frameworks */,
				5385466629C4744500914CDC /* Swinject in Frameworks */,
				534F1F2A29C622FF00A6F337 /* Realm in Frameworks */,
			);
			runOnlyForDeploymentPostprocessing = 0;
		};
		53837C4029C46E4900261B0A /* Frameworks */ = {
			isa = PBXFrameworksBuildPhase;
			buildActionMask = 2147483647;
			files = (
			);
			runOnlyForDeploymentPostprocessing = 0;
		};
		53837C4A29C46E4900261B0A /* Frameworks */ = {
			isa = PBXFrameworksBuildPhase;
			buildActionMask = 2147483647;
			files = (
			);
			runOnlyForDeploymentPostprocessing = 0;
		};
/* End PBXFrameworksBuildPhase section */

/* Begin PBXGroup section */
		533C942129C76478007D25EE /* subviews */ = {
			isa = PBXGroup;
			children = (
				533C942229C7648B007D25EE /* TextFieldCell.swift */,
			);
			path = subviews;
			sourceTree = "<group>";
		};
		534F1F0B29C4A6EF00A6F337 /* ReviewCreationRateScreen */ = {
			isa = PBXGroup;
			children = (
				534F1F1529C4B35900A6F337 /* ReviewCreationRateView.swift */,
				534F1F1729C4B36900A6F337 /* ReviewCreationRatePresenter.swift */,
				534F1F1929C4B38200A6F337 /* ReviewCreationRateDIAssembly.swift */,
				534F1F1D29C4BB4A00A6F337 /* subviews */,
			);
			path = ReviewCreationRateScreen;
			sourceTree = "<group>";
		};
		534F1F0C29C4A71700A6F337 /* ReviewCreationTextReviewScreen */ = {
			isa = PBXGroup;
			children = (
				533C942129C76478007D25EE /* subviews */,
				534F1F3D29C748DF00A6F337 /* ReviewCreationTextReviewView.swift */,
				534F1F3F29C748ED00A6F337 /* ReviewCreationTextReviewPresenter.swift */,
				534F1F4129C748FB00A6F337 /* ReviewCreationTextReviewDIAssembly.swift */,
			);
			path = ReviewCreationTextReviewScreen;
			sourceTree = "<group>";
		};
		534F1F0D29C4B0CE00A6F337 /* models */ = {
			isa = PBXGroup;
			children = (
				534F1F0E29C4B0DA00A6F337 /* Review.swift */,
				534F1F1029C4B18000A6F337 /* Rating.swift */,
				534F1F3929C63C2A00A6F337 /* ImageDataResponse.swift */,
			);
			path = models;
			sourceTree = "<group>";
		};
		534F1F1D29C4BB4A00A6F337 /* subviews */ = {
			isa = PBXGroup;
			children = (
				534F1F1E29C4BBC000A6F337 /* RateParametrCell.swift */,
				534F1F2629C4CEB100A6F337 /* StepSliderView.swift */,
			);
			path = subviews;
			sourceTree = "<group>";
		};
		534F1F2F29C6269400A6F337 /* utils */ = {
			isa = PBXGroup;
			children = (
				534F1F3029C626A200A6F337 /* Closures.swift */,
			);
			path = utils;
			sourceTree = "<group>";
		};
		534F1F3229C636AE00A6F337 /* common */ = {
			isa = PBXGroup;
			children = (
				534F1F3329C636B800A6F337 /* AuthorImageCell.swift */,
				534F1F3729C638DD00A6F337 /* LabelCell.swift */,
				534F1F3B29C65B5000A6F337 /* ButtonCell.swift */,
			);
			path = common;
			sourceTree = "<group>";
		};
		53837C2429C46E4800261B0A = {
			isa = PBXGroup;
			children = (
				53837C2F29C46E4800261B0A /* WeGoTripTestTask */,
				53837C4629C46E4900261B0A /* WeGoTripTestTaskTests */,
				53837C5029C46E4900261B0A /* WeGoTripTestTaskUITests */,
				53837C2E29C46E4800261B0A /* Products */,
			);
			sourceTree = "<group>";
		};
		53837C2E29C46E4800261B0A /* Products */ = {
			isa = PBXGroup;
			children = (
				53837C2D29C46E4800261B0A /* WeGoTripTestTask.app */,
				53837C4329C46E4900261B0A /* WeGoTripTestTaskTests.xctest */,
				53837C4D29C46E4900261B0A /* WeGoTripTestTaskUITests.xctest */,
			);
			name = Products;
			sourceTree = "<group>";
		};
		53837C2F29C46E4800261B0A /* WeGoTripTestTask */ = {
			isa = PBXGroup;
			children = (
				53837C3E29C46E4900261B0A /* Info.plist */,
				53837C6029C4706D00261B0A /* Code */,
				53837C6129C4707500261B0A /* Resources */,
			);
			path = WeGoTripTestTask;
			sourceTree = "<group>";
		};
		53837C4629C46E4900261B0A /* WeGoTripTestTaskTests */ = {
			isa = PBXGroup;
			children = (
				53837C4729C46E4900261B0A /* WeGoTripTestTaskTests.swift */,
			);
			path = WeGoTripTestTaskTests;
			sourceTree = "<group>";
		};
		53837C5029C46E4900261B0A /* WeGoTripTestTaskUITests */ = {
			isa = PBXGroup;
			children = (
				53837C5129C46E4900261B0A /* WeGoTripTestTaskUITests.swift */,
				53837C5329C46E4900261B0A /* WeGoTripTestTaskUITestsLaunchTests.swift */,
			);
			path = WeGoTripTestTaskUITests;
			sourceTree = "<group>";
		};
		53837C6029C4706D00261B0A /* Code */ = {
			isa = PBXGroup;
			children = (
				534F1F2F29C6269400A6F337 /* utils */,
				534F1F0D29C4B0CE00A6F337 /* models */,
				53837C3029C46E4800261B0A /* AppDelegate.swift */,
				5385466A29C4755F00914CDC /* ApplicationDIContainer.swift */,
				5385467029C47C5000914CDC /* extensions */,
				53837C6329C4709D00261B0A /* ui */,
			);
			path = Code;
			sourceTree = "<group>";
		};
		53837C6129C4707500261B0A /* Resources */ = {
			isa = PBXGroup;
			children = (
				53837C3929C46E4900261B0A /* Assets.xcassets */,
				53837C3B29C46E4900261B0A /* LaunchScreen.storyboard */,
			);
			path = Resources;
			sourceTree = "<group>";
		};
		53837C6329C4709D00261B0A /* ui */ = {
			isa = PBXGroup;
			children = (
				534F1F3229C636AE00A6F337 /* common */,
				53837C6429C470AA00261B0A /* mainVC */,
				53837C6529C470D500261B0A /* reviewCreation */,
			);
			path = ui;
			sourceTree = "<group>";
		};
		53837C6429C470AA00261B0A /* mainVC */ = {
			isa = PBXGroup;
			children = (
				53837C3429C46E4800261B0A /* MainViewController.swift */,
				5385466C29C4769900914CDC /* MainPresenter.swift */,
				534F1EFB29C4844700A6F337 /* MainRouter.swift */,
				5385466E29C476CD00914CDC /* MainViewDIAssembly.swift */,
			);
			path = mainVC;
			sourceTree = "<group>";
		};
		53837C6529C470D500261B0A /* reviewCreation */ = {
			isa = PBXGroup;
			children = (
				534F1F4329C74F0600A6F337 /* ReviewCreationNavigationController.swift */,
				534F1EFD29C485C800A6F337 /* ReviewCreationDIAssembly.swift */,
				534F1F1329C4B33100A6F337 /* ReviewCreationCoordinator.swift */,
				534F1F2D29C6231B00A6F337 /* ReviewCreationDataInteractor.swift */,
				534F1F0329C4874D00A6F337 /* ReviewCreationViewAssembly.swift */,
				534F1F0C29C4A71700A6F337 /* ReviewCreationTextReviewScreen */,
				534F1F0B29C4A6EF00A6F337 /* ReviewCreationRateScreen */,
			);
			path = reviewCreation;
			sourceTree = "<group>";
		};
		5385467029C47C5000914CDC /* extensions */ = {
			isa = PBXGroup;
			children = (
				5385467129C47C5F00914CDC /* UIView+Extension.swift */,
				5385467329C47CB500914CDC /* CACornerMask+Extension.swift */,
				534F1F2229C4C47E00A6F337 /* Collection+Extension.swift */,
				534F1EF929C483CF00A6F337 /* UIImage+Extension.swift */,
				534F1F2429C4C87900A6F337 /* UIEdgeInsets+Extension.swift */,
				534F1F3529C6371B00A6F337 /* CGSize+Extension.swift */,
			);
			path = extensions;
			sourceTree = "<group>";
		};
/* End PBXGroup section */

/* Begin PBXNativeTarget section */
		53837C2C29C46E4800261B0A /* WeGoTripTestTask */ = {
			isa = PBXNativeTarget;
			buildConfigurationList = 53837C5729C46E4900261B0A /* Build configuration list for PBXNativeTarget "WeGoTripTestTask" */;
			buildPhases = (
				53837C2929C46E4800261B0A /* Sources */,
				53837C2A29C46E4800261B0A /* Frameworks */,
				53837C2B29C46E4800261B0A /* Resources */,
			);
			buildRules = (
			);
			dependencies = (
			);
			name = WeGoTripTestTask;
			packageProductDependencies = (
				5385466029C473C200914CDC /* SnapKit */,
				5385466529C4744500914CDC /* Swinject */,
				534F1F0629C4A69B00A6F337 /* Nuke */,
				534F1F0929C4A6DE00A6F337 /* Alamofire */,
				534F1F2929C622FF00A6F337 /* Realm */,
				534F1F2B29C622FF00A6F337 /* RealmSwift */,
			);
			productName = WeGoTripTestTask;
			productReference = 53837C2D29C46E4800261B0A /* WeGoTripTestTask.app */;
			productType = "com.apple.product-type.application";
		};
		53837C4229C46E4900261B0A /* WeGoTripTestTaskTests */ = {
			isa = PBXNativeTarget;
			buildConfigurationList = 53837C5A29C46E4900261B0A /* Build configuration list for PBXNativeTarget "WeGoTripTestTaskTests" */;
			buildPhases = (
				53837C3F29C46E4900261B0A /* Sources */,
				53837C4029C46E4900261B0A /* Frameworks */,
				53837C4129C46E4900261B0A /* Resources */,
			);
			buildRules = (
			);
			dependencies = (
				53837C4529C46E4900261B0A /* PBXTargetDependency */,
			);
			name = WeGoTripTestTaskTests;
			productName = WeGoTripTestTaskTests;
			productReference = 53837C4329C46E4900261B0A /* WeGoTripTestTaskTests.xctest */;
			productType = "com.apple.product-type.bundle.unit-test";
		};
		53837C4C29C46E4900261B0A /* WeGoTripTestTaskUITests */ = {
			isa = PBXNativeTarget;
			buildConfigurationList = 53837C5D29C46E4900261B0A /* Build configuration list for PBXNativeTarget "WeGoTripTestTaskUITests" */;
			buildPhases = (
				53837C4929C46E4900261B0A /* Sources */,
				53837C4A29C46E4900261B0A /* Frameworks */,
				53837C4B29C46E4900261B0A /* Resources */,
			);
			buildRules = (
			);
			dependencies = (
				53837C4F29C46E4900261B0A /* PBXTargetDependency */,
			);
			name = WeGoTripTestTaskUITests;
			productName = WeGoTripTestTaskUITests;
			productReference = 53837C4D29C46E4900261B0A /* WeGoTripTestTaskUITests.xctest */;
			productType = "com.apple.product-type.bundle.ui-testing";
		};
/* End PBXNativeTarget section */

/* Begin PBXProject section */
		53837C2529C46E4800261B0A /* Project object */ = {
			isa = PBXProject;
			attributes = {
				BuildIndependentTargetsInParallel = 1;
				LastSwiftUpdateCheck = 1420;
				LastUpgradeCheck = 1420;
				TargetAttributes = {
					53837C2C29C46E4800261B0A = {
						CreatedOnToolsVersion = 14.2;
					};
					53837C4229C46E4900261B0A = {
						CreatedOnToolsVersion = 14.2;
						TestTargetID = 53837C2C29C46E4800261B0A;
					};
					53837C4C29C46E4900261B0A = {
						CreatedOnToolsVersion = 14.2;
						TestTargetID = 53837C2C29C46E4800261B0A;
					};
				};
			};
			buildConfigurationList = 53837C2829C46E4800261B0A /* Build configuration list for PBXProject "WeGoTripTestTask" */;
			compatibilityVersion = "Xcode 14.0";
			developmentRegion = en;
			hasScannedForEncodings = 0;
			knownRegions = (
				en,
				Base,
			);
			mainGroup = 53837C2429C46E4800261B0A;
			packageReferences = (
				5385465F29C473C200914CDC /* XCRemoteSwiftPackageReference "SnapKit" */,
				5385466429C4744500914CDC /* XCRemoteSwiftPackageReference "Swinject" */,
				534F1F0529C4A69B00A6F337 /* XCRemoteSwiftPackageReference "Nuke" */,
				534F1F0829C4A6DE00A6F337 /* XCRemoteSwiftPackageReference "Alamofire" */,
				534F1F2829C622FF00A6F337 /* XCRemoteSwiftPackageReference "realm-swift" */,
			);
			productRefGroup = 53837C2E29C46E4800261B0A /* Products */;
			projectDirPath = "";
			projectRoot = "";
			targets = (
				53837C2C29C46E4800261B0A /* WeGoTripTestTask */,
				53837C4229C46E4900261B0A /* WeGoTripTestTaskTests */,
				53837C4C29C46E4900261B0A /* WeGoTripTestTaskUITests */,
			);
		};
/* End PBXProject section */

/* Begin PBXResourcesBuildPhase section */
		53837C2B29C46E4800261B0A /* Resources */ = {
			isa = PBXResourcesBuildPhase;
			buildActionMask = 2147483647;
			files = (
				53837C3D29C46E4900261B0A /* LaunchScreen.storyboard in Resources */,
				53837C3A29C46E4900261B0A /* Assets.xcassets in Resources */,
			);
			runOnlyForDeploymentPostprocessing = 0;
		};
		53837C4129C46E4900261B0A /* Resources */ = {
			isa = PBXResourcesBuildPhase;
			buildActionMask = 2147483647;
			files = (
			);
			runOnlyForDeploymentPostprocessing = 0;
		};
		53837C4B29C46E4900261B0A /* Resources */ = {
			isa = PBXResourcesBuildPhase;
			buildActionMask = 2147483647;
			files = (
			);
			runOnlyForDeploymentPostprocessing = 0;
		};
/* End PBXResourcesBuildPhase section */

/* Begin PBXSourcesBuildPhase section */
		53837C2929C46E4800261B0A /* Sources */ = {
			isa = PBXSourcesBuildPhase;
			buildActionMask = 2147483647;
			files = (
				534F1F3129C626A200A6F337 /* Closures.swift in Sources */,
				534F1F1A29C4B38200A6F337 /* ReviewCreationRateDIAssembly.swift in Sources */,
				533C942329C7648B007D25EE /* TextFieldCell.swift in Sources */,
				5385467229C47C5F00914CDC /* UIView+Extension.swift in Sources */,
				53837C3529C46E4800261B0A /* MainViewController.swift in Sources */,
				534F1F3829C638DD00A6F337 /* LabelCell.swift in Sources */,
				5385466B29C4755F00914CDC /* ApplicationDIContainer.swift in Sources */,
				534F1F3429C636B800A6F337 /* AuthorImageCell.swift in Sources */,
				534F1F3629C6371B00A6F337 /* CGSize+Extension.swift in Sources */,
				534F1EFA29C483CF00A6F337 /* UIImage+Extension.swift in Sources */,
				534F1F3E29C748DF00A6F337 /* ReviewCreationTextReviewView.swift in Sources */,
				534F1F3A29C63C2A00A6F337 /* ImageDataResponse.swift in Sources */,
				534F1F1429C4B33100A6F337 /* ReviewCreationCoordinator.swift in Sources */,
				53837C3129C46E4800261B0A /* AppDelegate.swift in Sources */,
				534F1F1F29C4BBC000A6F337 /* RateParametrCell.swift in Sources */,
				534F1F2529C4C87900A6F337 /* UIEdgeInsets+Extension.swift in Sources */,
				534F1F2729C4CEB100A6F337 /* StepSliderView.swift in Sources */,
				534F1EFE29C485C800A6F337 /* ReviewCreationDIAssembly.swift in Sources */,
				5385467429C47CB500914CDC /* CACornerMask+Extension.swift in Sources */,
				534F1F1829C4B36900A6F337 /* ReviewCreationRatePresenter.swift in Sources */,
				534F1F4229C748FB00A6F337 /* ReviewCreationTextReviewDIAssembly.swift in Sources */,
				534F1F2329C4C47E00A6F337 /* Collection+Extension.swift in Sources */,
				534F1F0429C4874D00A6F337 /* ReviewCreationViewAssembly.swift in Sources */,
				534F1F0F29C4B0DA00A6F337 /* Review.swift in Sources */,
				5385466D29C4769900914CDC /* MainPresenter.swift in Sources */,
				5385466F29C476CD00914CDC /* MainViewDIAssembly.swift in Sources */,
				534F1F4029C748ED00A6F337 /* ReviewCreationTextReviewPresenter.swift in Sources */,
				534F1F1129C4B18000A6F337 /* Rating.swift in Sources */,
				534F1F2E29C6231B00A6F337 /* ReviewCreationDataInteractor.swift in Sources */,
				534F1EFC29C4844700A6F337 /* MainRouter.swift in Sources */,
				534F1F1629C4B35900A6F337 /* ReviewCreationRateView.swift in Sources */,
				534F1F4429C74F0600A6F337 /* ReviewCreationNavigationController.swift in Sources */,
				534F1F3C29C65B5000A6F337 /* ButtonCell.swift in Sources */,
			);
			runOnlyForDeploymentPostprocessing = 0;
		};
		53837C3F29C46E4900261B0A /* Sources */ = {
			isa = PBXSourcesBuildPhase;
			buildActionMask = 2147483647;
			files = (
				53837C4829C46E4900261B0A /* WeGoTripTestTaskTests.swift in Sources */,
			);
			runOnlyForDeploymentPostprocessing = 0;
		};
		53837C4929C46E4900261B0A /* Sources */ = {
			isa = PBXSourcesBuildPhase;
			buildActionMask = 2147483647;
			files = (
				53837C5429C46E4900261B0A /* WeGoTripTestTaskUITestsLaunchTests.swift in Sources */,
				53837C5229C46E4900261B0A /* WeGoTripTestTaskUITests.swift in Sources */,
			);
			runOnlyForDeploymentPostprocessing = 0;
		};
/* End PBXSourcesBuildPhase section */

/* Begin PBXTargetDependency section */
		53837C4529C46E4900261B0A /* PBXTargetDependency */ = {
			isa = PBXTargetDependency;
			target = 53837C2C29C46E4800261B0A /* WeGoTripTestTask */;
			targetProxy = 53837C4429C46E4900261B0A /* PBXContainerItemProxy */;
		};
		53837C4F29C46E4900261B0A /* PBXTargetDependency */ = {
			isa = PBXTargetDependency;
			target = 53837C2C29C46E4800261B0A /* WeGoTripTestTask */;
			targetProxy = 53837C4E29C46E4900261B0A /* PBXContainerItemProxy */;
		};
/* End PBXTargetDependency section */

/* Begin PBXVariantGroup section */
		53837C3B29C46E4900261B0A /* LaunchScreen.storyboard */ = {
			isa = PBXVariantGroup;
			children = (
				53837C3C29C46E4900261B0A /* Base */,
			);
			name = LaunchScreen.storyboard;
			sourceTree = "<group>";
		};
/* End PBXVariantGroup section */

/* Begin XCBuildConfiguration section */
		53837C5529C46E4900261B0A /* Debug */ = {
			isa = XCBuildConfiguration;
			buildSettings = {
				ALWAYS_SEARCH_USER_PATHS = NO;
				CLANG_ANALYZER_NONNULL = YES;
				CLANG_ANALYZER_NUMBER_OBJECT_CONVERSION = YES_AGGRESSIVE;
				CLANG_CXX_LANGUAGE_STANDARD = "gnu++20";
				CLANG_ENABLE_MODULES = YES;
				CLANG_ENABLE_OBJC_ARC = YES;
				CLANG_ENABLE_OBJC_WEAK = YES;
				CLANG_WARN_BLOCK_CAPTURE_AUTORELEASING = YES;
				CLANG_WARN_BOOL_CONVERSION = YES;
				CLANG_WARN_COMMA = YES;
				CLANG_WARN_CONSTANT_CONVERSION = YES;
				CLANG_WARN_DEPRECATED_OBJC_IMPLEMENTATIONS = YES;
				CLANG_WARN_DIRECT_OBJC_ISA_USAGE = YES_ERROR;
				CLANG_WARN_DOCUMENTATION_COMMENTS = YES;
				CLANG_WARN_EMPTY_BODY = YES;
				CLANG_WARN_ENUM_CONVERSION = YES;
				CLANG_WARN_INFINITE_RECURSION = YES;
				CLANG_WARN_INT_CONVERSION = YES;
				CLANG_WARN_NON_LITERAL_NULL_CONVERSION = YES;
				CLANG_WARN_OBJC_IMPLICIT_RETAIN_SELF = YES;
				CLANG_WARN_OBJC_LITERAL_CONVERSION = YES;
				CLANG_WARN_OBJC_ROOT_CLASS = YES_ERROR;
				CLANG_WARN_QUOTED_INCLUDE_IN_FRAMEWORK_HEADER = YES;
				CLANG_WARN_RANGE_LOOP_ANALYSIS = YES;
				CLANG_WARN_STRICT_PROTOTYPES = YES;
				CLANG_WARN_SUSPICIOUS_MOVE = YES;
				CLANG_WARN_UNGUARDED_AVAILABILITY = YES_AGGRESSIVE;
				CLANG_WARN_UNREACHABLE_CODE = YES;
				CLANG_WARN__DUPLICATE_METHOD_MATCH = YES;
				COPY_PHASE_STRIP = NO;
				DEBUG_INFORMATION_FORMAT = dwarf;
				ENABLE_STRICT_OBJC_MSGSEND = YES;
				ENABLE_TESTABILITY = YES;
				GCC_C_LANGUAGE_STANDARD = gnu11;
				GCC_DYNAMIC_NO_PIC = NO;
				GCC_NO_COMMON_BLOCKS = YES;
				GCC_OPTIMIZATION_LEVEL = 0;
				GCC_PREPROCESSOR_DEFINITIONS = (
					"DEBUG=1",
					"$(inherited)",
				);
				GCC_WARN_64_TO_32_BIT_CONVERSION = YES;
				GCC_WARN_ABOUT_RETURN_TYPE = YES_ERROR;
				GCC_WARN_UNDECLARED_SELECTOR = YES;
				GCC_WARN_UNINITIALIZED_AUTOS = YES_AGGRESSIVE;
				GCC_WARN_UNUSED_FUNCTION = YES;
				GCC_WARN_UNUSED_VARIABLE = YES;
				INFOPLIST_KEY_LSApplicationCategoryType = "public.app-category.travel";
				INFOPLIST_KEY_UIApplicationSceneManifest_Generation = NO;
				INFOPLIST_KEY_UILaunchScreen_Generation = YES;
				INFOPLIST_KEY_UILaunchStoryboardName = LaunchScreen;
				IPHONEOS_DEPLOYMENT_TARGET = 11.0;
				MTL_ENABLE_DEBUG_INFO = INCLUDE_SOURCE;
				MTL_FAST_MATH = YES;
				ONLY_ACTIVE_ARCH = YES;
				SDKROOT = iphoneos;
				SWIFT_ACTIVE_COMPILATION_CONDITIONS = DEBUG;
				SWIFT_OPTIMIZATION_LEVEL = "-Onone";
			};
			name = Debug;
		};
		53837C5629C46E4900261B0A /* Release */ = {
			isa = XCBuildConfiguration;
			buildSettings = {
				ALWAYS_SEARCH_USER_PATHS = NO;
				CLANG_ANALYZER_NONNULL = YES;
				CLANG_ANALYZER_NUMBER_OBJECT_CONVERSION = YES_AGGRESSIVE;
				CLANG_CXX_LANGUAGE_STANDARD = "gnu++20";
				CLANG_ENABLE_MODULES = YES;
				CLANG_ENABLE_OBJC_ARC = YES;
				CLANG_ENABLE_OBJC_WEAK = YES;
				CLANG_WARN_BLOCK_CAPTURE_AUTORELEASING = YES;
				CLANG_WARN_BOOL_CONVERSION = YES;
				CLANG_WARN_COMMA = YES;
				CLANG_WARN_CONSTANT_CONVERSION = YES;
				CLANG_WARN_DEPRECATED_OBJC_IMPLEMENTATIONS = YES;
				CLANG_WARN_DIRECT_OBJC_ISA_USAGE = YES_ERROR;
				CLANG_WARN_DOCUMENTATION_COMMENTS = YES;
				CLANG_WARN_EMPTY_BODY = YES;
				CLANG_WARN_ENUM_CONVERSION = YES;
				CLANG_WARN_INFINITE_RECURSION = YES;
				CLANG_WARN_INT_CONVERSION = YES;
				CLANG_WARN_NON_LITERAL_NULL_CONVERSION = YES;
				CLANG_WARN_OBJC_IMPLICIT_RETAIN_SELF = YES;
				CLANG_WARN_OBJC_LITERAL_CONVERSION = YES;
				CLANG_WARN_OBJC_ROOT_CLASS = YES_ERROR;
				CLANG_WARN_QUOTED_INCLUDE_IN_FRAMEWORK_HEADER = YES;
				CLANG_WARN_RANGE_LOOP_ANALYSIS = YES;
				CLANG_WARN_STRICT_PROTOTYPES = YES;
				CLANG_WARN_SUSPICIOUS_MOVE = YES;
				CLANG_WARN_UNGUARDED_AVAILABILITY = YES_AGGRESSIVE;
				CLANG_WARN_UNREACHABLE_CODE = YES;
				CLANG_WARN__DUPLICATE_METHOD_MATCH = YES;
				COPY_PHASE_STRIP = NO;
				DEBUG_INFORMATION_FORMAT = "dwarf-with-dsym";
				ENABLE_NS_ASSERTIONS = NO;
				ENABLE_STRICT_OBJC_MSGSEND = YES;
				GCC_C_LANGUAGE_STANDARD = gnu11;
				GCC_NO_COMMON_BLOCKS = YES;
				GCC_WARN_64_TO_32_BIT_CONVERSION = YES;
				GCC_WARN_ABOUT_RETURN_TYPE = YES_ERROR;
				GCC_WARN_UNDECLARED_SELECTOR = YES;
				GCC_WARN_UNINITIALIZED_AUTOS = YES_AGGRESSIVE;
				GCC_WARN_UNUSED_FUNCTION = YES;
				GCC_WARN_UNUSED_VARIABLE = YES;
				INFOPLIST_KEY_LSApplicationCategoryType = "public.app-category.travel";
				INFOPLIST_KEY_UIApplicationSceneManifest_Generation = NO;
				INFOPLIST_KEY_UILaunchScreen_Generation = YES;
				INFOPLIST_KEY_UILaunchStoryboardName = LaunchScreen;
				IPHONEOS_DEPLOYMENT_TARGET = 11.0;
				MTL_ENABLE_DEBUG_INFO = NO;
				MTL_FAST_MATH = YES;
				SDKROOT = iphoneos;
				SWIFT_COMPILATION_MODE = wholemodule;
				SWIFT_OPTIMIZATION_LEVEL = "-O";
				VALIDATE_PRODUCT = YES;
			};
			name = Release;
		};
		53837C5829C46E4900261B0A /* Debug */ = {
			isa = XCBuildConfiguration;
			buildSettings = {
				ASSETCATALOG_COMPILER_APPICON_NAME = AppIcon;
				ASSETCATALOG_COMPILER_GLOBAL_ACCENT_COLOR_NAME = AccentColor;
				CODE_SIGN_STYLE = Automatic;
				CURRENT_PROJECT_VERSION = 1;
				DEVELOPMENT_TEAM = L964CV4KRG;
				GENERATE_INFOPLIST_FILE = YES;
				INFOPLIST_FILE = WeGoTripTestTask/Info.plist;
				INFOPLIST_KEY_LSApplicationCategoryType = "public.app-category.travel";
				INFOPLIST_KEY_UIApplicationSupportsIndirectInputEvents = YES;
				INFOPLIST_KEY_UILaunchScreen_Generation = YES;
				INFOPLIST_KEY_UILaunchStoryboardName = LaunchScreen.storyboard;
				INFOPLIST_KEY_UIStatusBarStyle = UIStatusBarStyleDarkContent;
				INFOPLIST_KEY_UISupportedInterfaceOrientations = UIInterfaceOrientationPortrait;
				IPHONEOS_DEPLOYMENT_TARGET = 11.0;
				LD_RUNPATH_SEARCH_PATHS = (
					"$(inherited)",
					"@executable_path/Frameworks",
				);
				MARKETING_VERSION = 1.0;
				PRODUCT_BUNDLE_IDENTIFIER = lrhabibullin.WeGoTripTestTask;
				PRODUCT_NAME = "$(TARGET_NAME)";
				SUPPORTED_PLATFORMS = "iphoneos iphonesimulator";
				SUPPORTS_MACCATALYST = NO;
				SUPPORTS_MAC_DESIGNED_FOR_IPHONE_IPAD = NO;
				SWIFT_EMIT_LOC_STRINGS = YES;
				SWIFT_VERSION = 4.2;
				TARGETED_DEVICE_FAMILY = 1;
			};
			name = Debug;
		};
		53837C5929C46E4900261B0A /* Release */ = {
			isa = XCBuildConfiguration;
			buildSettings = {
				ASSETCATALOG_COMPILER_APPICON_NAME = AppIcon;
				ASSETCATALOG_COMPILER_GLOBAL_ACCENT_COLOR_NAME = AccentColor;
				CODE_SIGN_STYLE = Automatic;
				CURRENT_PROJECT_VERSION = 1;
				DEVELOPMENT_TEAM = L964CV4KRG;
				GENERATE_INFOPLIST_FILE = YES;
				INFOPLIST_FILE = WeGoTripTestTask/Info.plist;
				INFOPLIST_KEY_LSApplicationCategoryType = "public.app-category.travel";
				INFOPLIST_KEY_UIApplicationSupportsIndirectInputEvents = YES;
				INFOPLIST_KEY_UILaunchScreen_Generation = YES;
				INFOPLIST_KEY_UILaunchStoryboardName = LaunchScreen.storyboard;
				INFOPLIST_KEY_UIStatusBarStyle = UIStatusBarStyleDarkContent;
				INFOPLIST_KEY_UISupportedInterfaceOrientations = UIInterfaceOrientationPortrait;
				IPHONEOS_DEPLOYMENT_TARGET = 11.0;
				LD_RUNPATH_SEARCH_PATHS = (
					"$(inherited)",
					"@executable_path/Frameworks",
				);
				MARKETING_VERSION = 1.0;
				PRODUCT_BUNDLE_IDENTIFIER = lrhabibullin.WeGoTripTestTask;
				PRODUCT_NAME = "$(TARGET_NAME)";
				SUPPORTED_PLATFORMS = "iphoneos iphonesimulator";
				SUPPORTS_MACCATALYST = NO;
				SUPPORTS_MAC_DESIGNED_FOR_IPHONE_IPAD = NO;
				SWIFT_EMIT_LOC_STRINGS = YES;
				SWIFT_VERSION = 4.2;
				TARGETED_DEVICE_FAMILY = 1;
			};
			name = Release;
		};
		53837C5B29C46E4900261B0A /* Debug */ = {
			isa = XCBuildConfiguration;
			buildSettings = {
				ALWAYS_EMBED_SWIFT_STANDARD_LIBRARIES = YES;
				BUNDLE_LOADER = "$(TEST_HOST)";
				CODE_SIGN_STYLE = Automatic;
				CURRENT_PROJECT_VERSION = 1;
				DEVELOPMENT_TEAM = L964CV4KRG;
				GENERATE_INFOPLIST_FILE = YES;
				IPHONEOS_DEPLOYMENT_TARGET = 11.0;
				MARKETING_VERSION = 1.0;
				PRODUCT_BUNDLE_IDENTIFIER = lrhabibullin.WeGoTripTestTaskTests;
				PRODUCT_NAME = "$(TARGET_NAME)";
				SWIFT_EMIT_LOC_STRINGS = NO;
				SWIFT_VERSION = 4.2;
				TARGETED_DEVICE_FAMILY = "1,2";
				TEST_HOST = "$(BUILT_PRODUCTS_DIR)/WeGoTripTestTask.app/$(BUNDLE_EXECUTABLE_FOLDER_PATH)/WeGoTripTestTask";
			};
			name = Debug;
		};
		53837C5C29C46E4900261B0A /* Release */ = {
			isa = XCBuildConfiguration;
			buildSettings = {
				ALWAYS_EMBED_SWIFT_STANDARD_LIBRARIES = YES;
				BUNDLE_LOADER = "$(TEST_HOST)";
				CODE_SIGN_STYLE = Automatic;
				CURRENT_PROJECT_VERSION = 1;
				DEVELOPMENT_TEAM = L964CV4KRG;
				GENERATE_INFOPLIST_FILE = YES;
				IPHONEOS_DEPLOYMENT_TARGET = 11.0;
				MARKETING_VERSION = 1.0;
				PRODUCT_BUNDLE_IDENTIFIER = lrhabibullin.WeGoTripTestTaskTests;
				PRODUCT_NAME = "$(TARGET_NAME)";
				SWIFT_EMIT_LOC_STRINGS = NO;
				SWIFT_VERSION = 4.2;
				TARGETED_DEVICE_FAMILY = "1,2";
				TEST_HOST = "$(BUILT_PRODUCTS_DIR)/WeGoTripTestTask.app/$(BUNDLE_EXECUTABLE_FOLDER_PATH)/WeGoTripTestTask";
			};
			name = Release;
		};
		53837C5E29C46E4900261B0A /* Debug */ = {
			isa = XCBuildConfiguration;
			buildSettings = {
				ALWAYS_EMBED_SWIFT_STANDARD_LIBRARIES = YES;
				CODE_SIGN_STYLE = Automatic;
				CURRENT_PROJECT_VERSION = 1;
				DEVELOPMENT_TEAM = L964CV4KRG;
				GENERATE_INFOPLIST_FILE = YES;
				IPHONEOS_DEPLOYMENT_TARGET = 11.0;
				MARKETING_VERSION = 1.0;
				PRODUCT_BUNDLE_IDENTIFIER = lrhabibullin.WeGoTripTestTaskUITests;
				PRODUCT_NAME = "$(TARGET_NAME)";
				SUPPORTED_PLATFORMS = "iphoneos iphonesimulator";
				SUPPORTS_MACCATALYST = NO;
				SUPPORTS_MAC_DESIGNED_FOR_IPHONE_IPAD = YES;
				SWIFT_EMIT_LOC_STRINGS = NO;
				SWIFT_VERSION = 4.2;
				TARGETED_DEVICE_FAMILY = "1,2";
				TEST_TARGET_NAME = WeGoTripTestTask;
			};
			name = Debug;
		};
		53837C5F29C46E4900261B0A /* Release */ = {
			isa = XCBuildConfiguration;
			buildSettings = {
				ALWAYS_EMBED_SWIFT_STANDARD_LIBRARIES = YES;
				CODE_SIGN_STYLE = Automatic;
				CURRENT_PROJECT_VERSION = 1;
				DEVELOPMENT_TEAM = L964CV4KRG;
				GENERATE_INFOPLIST_FILE = YES;
				IPHONEOS_DEPLOYMENT_TARGET = 11.0;
				MARKETING_VERSION = 1.0;
				PRODUCT_BUNDLE_IDENTIFIER = lrhabibullin.WeGoTripTestTaskUITests;
				PRODUCT_NAME = "$(TARGET_NAME)";
				SUPPORTED_PLATFORMS = "iphoneos iphonesimulator";
				SUPPORTS_MACCATALYST = NO;
				SUPPORTS_MAC_DESIGNED_FOR_IPHONE_IPAD = YES;
				SWIFT_EMIT_LOC_STRINGS = NO;
				SWIFT_VERSION = 4.2;
				TARGETED_DEVICE_FAMILY = "1,2";
				TEST_TARGET_NAME = WeGoTripTestTask;
			};
			name = Release;
		};
/* End XCBuildConfiguration section */

/* Begin XCConfigurationList section */
		53837C2829C46E4800261B0A /* Build configuration list for PBXProject "WeGoTripTestTask" */ = {
			isa = XCConfigurationList;
			buildConfigurations = (
				53837C5529C46E4900261B0A /* Debug */,
				53837C5629C46E4900261B0A /* Release */,
			);
			defaultConfigurationIsVisible = 0;
			defaultConfigurationName = Release;
		};
		53837C5729C46E4900261B0A /* Build configuration list for PBXNativeTarget "WeGoTripTestTask" */ = {
			isa = XCConfigurationList;
			buildConfigurations = (
				53837C5829C46E4900261B0A /* Debug */,
				53837C5929C46E4900261B0A /* Release */,
			);
			defaultConfigurationIsVisible = 0;
			defaultConfigurationName = Release;
		};
		53837C5A29C46E4900261B0A /* Build configuration list for PBXNativeTarget "WeGoTripTestTaskTests" */ = {
			isa = XCConfigurationList;
			buildConfigurations = (
				53837C5B29C46E4900261B0A /* Debug */,
				53837C5C29C46E4900261B0A /* Release */,
			);
			defaultConfigurationIsVisible = 0;
			defaultConfigurationName = Release;
		};
		53837C5D29C46E4900261B0A /* Build configuration list for PBXNativeTarget "WeGoTripTestTaskUITests" */ = {
			isa = XCConfigurationList;
			buildConfigurations = (
				53837C5E29C46E4900261B0A /* Debug */,
				53837C5F29C46E4900261B0A /* Release */,
			);
			defaultConfigurationIsVisible = 0;
			defaultConfigurationName = Release;
		};
/* End XCConfigurationList section */

/* Begin XCRemoteSwiftPackageReference section */
		534F1F0529C4A69B00A6F337 /* XCRemoteSwiftPackageReference "Nuke" */ = {
			isa = XCRemoteSwiftPackageReference;
			repositoryURL = "https://github.com/kean/Nuke";
			requirement = {
				kind = upToNextMajorVersion;
				minimumVersion = 9.0.0;
			};
		};
		534F1F0829C4A6DE00A6F337 /* XCRemoteSwiftPackageReference "Alamofire" */ = {
			isa = XCRemoteSwiftPackageReference;
			repositoryURL = "https://github.com/Alamofire/Alamofire";
			requirement = {
				kind = upToNextMajorVersion;
				minimumVersion = 5.0.0;
			};
		};
		534F1F2829C622FF00A6F337 /* XCRemoteSwiftPackageReference "realm-swift" */ = {
			isa = XCRemoteSwiftPackageReference;
			repositoryURL = "https://github.com/realm/realm-swift.git";
			requirement = {
				branch = master;
				kind = branch;
			};
		};
		5385465F29C473C200914CDC /* XCRemoteSwiftPackageReference "SnapKit" */ = {
			isa = XCRemoteSwiftPackageReference;
			repositoryURL = "https://github.com/SnapKit/SnapKit.git";
			requirement = {
				kind = upToNextMajorVersion;
				minimumVersion = 5.0.0;
			};
		};
		5385466429C4744500914CDC /* XCRemoteSwiftPackageReference "Swinject" */ = {
			isa = XCRemoteSwiftPackageReference;
			repositoryURL = "https://github.com/Swinject/Swinject.git";
			requirement = {
				kind = upToNextMajorVersion;
				minimumVersion = 2.0.0;
			};
		};
/* End XCRemoteSwiftPackageReference section */

/* Begin XCSwiftPackageProductDependency section */
		534F1F0629C4A69B00A6F337 /* Nuke */ = {
			isa = XCSwiftPackageProductDependency;
			package = 534F1F0529C4A69B00A6F337 /* XCRemoteSwiftPackageReference "Nuke" */;
			productName = Nuke;
		};
		534F1F0929C4A6DE00A6F337 /* Alamofire */ = {
			isa = XCSwiftPackageProductDependency;
			package = 534F1F0829C4A6DE00A6F337 /* XCRemoteSwiftPackageReference "Alamofire" */;
			productName = Alamofire;
		};
		534F1F2929C622FF00A6F337 /* Realm */ = {
			isa = XCSwiftPackageProductDependency;
			package = 534F1F2829C622FF00A6F337 /* XCRemoteSwiftPackageReference "realm-swift" */;
			productName = Realm;
		};
		534F1F2B29C622FF00A6F337 /* RealmSwift */ = {
			isa = XCSwiftPackageProductDependency;
			package = 534F1F2829C622FF00A6F337 /* XCRemoteSwiftPackageReference "realm-swift" */;
			productName = RealmSwift;
		};
		5385466029C473C200914CDC /* SnapKit */ = {
			isa = XCSwiftPackageProductDependency;
			package = 5385465F29C473C200914CDC /* XCRemoteSwiftPackageReference "SnapKit" */;
			productName = SnapKit;
		};
		5385466529C4744500914CDC /* Swinject */ = {
			isa = XCSwiftPackageProductDependency;
			package = 5385466429C4744500914CDC /* XCRemoteSwiftPackageReference "Swinject" */;
			productName = Swinject;
		};
/* End XCSwiftPackageProductDependency section */
	};
	rootObject = 53837C2529C46E4800261B0A /* Project object */;
}
